
Microsoft Visual Studio Solution File, Format Version 12.00
# Visual Studio 15
VisualStudioVersion = 15.0.26403.7
MinimumVisualStudioVersion = 10.0.40219.1
Project("{FAE04EC0-301F-11D3-BF4B-00C04F79EFBC}") = "BibliotecaDigital", "BibliotecaDigital\BibliotecaDigital.csproj", "{D8CE2D41-2923-4454-9752-72A520BB1033}"
EndProject
Project("{FAE04EC0-301F-11D3-BF4B-00C04F79EFBC}") = "Modelos", "Modelos\Modelos.csproj", "{6AEBD9EA-9D3D-425B-BEB4-259753B36376}"
EndProject
Global
	GlobalSection(SolutionConfigurationPlatforms) = preSolution
		Debug|Any CPU = Debug|Any CPU
		Release|Any CPU = Release|Any CPU
	EndGlobalSection
	GlobalSection(ProjectConfigurationPlatforms) = postSolution
		{D8CE2D41-2923-4454-9752-72A520BB1033}.Debug|Any CPU.ActiveCfg = Debug|Any CPU
		{D8CE2D41-2923-4454-9752-72A520BB1033}.Debug|Any CPU.Build.0 = Debug|Any CPU
		{D8CE2D41-2923-4454-9752-72A520BB1033}.Release|Any CPU.ActiveCfg = Release|Any CPU
		{D8CE2D41-2923-4454-9752-72A520BB1033}.Release|Any CPU.Build.0 = Release|Any CPU
		{6AEBD9EA-9D3D-425B-BEB4-259753B36376}.Debug|Any CPU.ActiveCfg = Debug|Any CPU
		{6AEBD9EA-9D3D-425B-BEB4-259753B36376}.Debug|Any CPU.Build.0 = Debug|Any CPU
		{6AEBD9EA-9D3D-425B-BEB4-259753B36376}.Release|Any CPU.ActiveCfg = Release|Any CPU
		{6AEBD9EA-9D3D-425B-BEB4-259753B36376}.Release|Any CPU.Build.0 = Release|Any CPU
	EndGlobalSection
	GlobalSection(SolutionProperties) = preSolution
		HideSolutionNode = FALSE
	EndGlobalSection
EndGlobal
